
Microsoft Visual Studio Solution File, Format Version 12.00
# Visual Studio Version 17
VisualStudioVersion = 17.13.35825.156 d17.13
MinimumVisualStudioVersion = 10.0.40219.1
Project("{FAE04EC0-301F-11D3-BF4B-00C04F79EFBC}") = "Atividade01_Calculadora", "Atividade01_Calculadora\Atividade01_Calculadora.csproj", "{3BD97126-D158-4C04-8FF2-D2B0E8F0112C}"
EndProject
Global
	GlobalSection(SolutionConfigurationPlatforms) = preSolution
		Debug|Any CPU = Debug|Any CPU
		Release|Any CPU = Release|Any CPU
	EndGlobalSection
	GlobalSection(ProjectConfigurationPlatforms) = postSolution
		{3BD97126-D158-4C04-8FF2-D2B0E8F0112C}.Debug|Any CPU.ActiveCfg = Debug|Any CPU
		{3BD97126-D158-4C04-8FF2-D2B0E8F0112C}.Debug|Any CPU.Build.0 = Debug|Any CPU
		{3BD97126-D158-4C04-8FF2-D2B0E8F0112C}.Release|Any CPU.ActiveCfg = Release|Any CPU
		{3BD97126-D158-4C04-8FF2-D2B0E8F0112C}.Release|Any CPU.Build.0 = Release|Any CPU
	EndGlobalSection
	GlobalSection(SolutionProperties) = preSolution
		HideSolutionNode = FALSE
	EndGlobalSection
	GlobalSection(ExtensibilityGlobals) = postSolution
		SolutionGuid = {2A62618F-28FF-4932-B53B-A1556A5EE4AD}
	EndGlobalSection
EndGlobal
